// !$*UTF8*$!
{
	archiveVersion = 1;
	classes = {
	};
	objectVersion = 46;
	objects = {

/* Begin PBXBuildFile section */
		04041E411BF18A18009C6D2B /* Child.m in Sources */ = {isa = PBXBuildFile; fileRef = 04041E401BF18A18009C6D2B /* Child.m */; };
		04041E4C1BF18A25009C6D2B /* sdRefeshView_arrow@2x.png in Resources */ = {isa = PBXBuildFile; fileRef = 04041E421BF18A25009C6D2B /* sdRefeshView_arrow@2x.png */; };
		04041E4D1BF18A25009C6D2B /* SDRefreshView.m in Sources */ = {isa = PBXBuildFile; fileRef = 04041E441BF18A25009C6D2B /* SDRefreshView.m */; };
		04041E4E1BF18A25009C6D2B /* SDRefreshHeaderView.m in Sources */ = {isa = PBXBuildFile; fileRef = 04041E461BF18A25009C6D2B /* SDRefreshHeaderView.m */; };
		04041E4F1BF18A25009C6D2B /* UIView+SDExtension.m in Sources */ = {isa = PBXBuildFile; fileRef = 04041E481BF18A25009C6D2B /* UIView+SDExtension.m */; };
		04041E501BF18A25009C6D2B /* SDRefreshFooterView.m in Sources */ = {isa = PBXBuildFile; fileRef = 04041E4A1BF18A25009C6D2B /* SDRefreshFooterView.m */; };
		04041E9C1BF18EA4009C6D2B /* AFHTTPRequestOperation.m in Sources */ = {isa = PBXBuildFile; fileRef = 04041E8A1BF18EA4009C6D2B /* AFHTTPRequestOperation.m */; };
		04041E9D1BF18EA4009C6D2B /* AFHTTPRequestOperationManager.m in Sources */ = {isa = PBXBuildFile; fileRef = 04041E8C1BF18EA4009C6D2B /* AFHTTPRequestOperationManager.m */; };
		04041E9E1BF18EA4009C6D2B /* AFHTTPSessionManager.m in Sources */ = {isa = PBXBuildFile; fileRef = 04041E8E1BF18EA4009C6D2B /* AFHTTPSessionManager.m */; };
		04041E9F1BF18EA4009C6D2B /* AFNetworkReachabilityManager.m in Sources */ = {isa = PBXBuildFile; fileRef = 04041E911BF18EA4009C6D2B /* AFNetworkReachabilityManager.m */; };
		04041EA01BF18EA4009C6D2B /* AFSecurityPolicy.m in Sources */ = {isa = PBXBuildFile; fileRef = 04041E931BF18EA4009C6D2B /* AFSecurityPolicy.m */; };
		04041EA11BF18EA4009C6D2B /* AFURLConnectionOperation.m in Sources */ = {isa = PBXBuildFile; fileRef = 04041E951BF18EA4009C6D2B /* AFURLConnectionOperation.m */; };
		04041EA21BF18EA4009C6D2B /* AFURLRequestSerialization.m in Sources */ = {isa = PBXBuildFile; fileRef = 04041E971BF18EA4009C6D2B /* AFURLRequestSerialization.m */; };
		04041EA31BF18EA4009C6D2B /* AFURLResponseSerialization.m in Sources */ = {isa = PBXBuildFile; fileRef = 04041E991BF18EA4009C6D2B /* AFURLResponseSerialization.m */; };
		04041EA41BF18EA4009C6D2B /* AFURLSessionManager.m in Sources */ = {isa = PBXBuildFile; fileRef = 04041E9B1BF18EA4009C6D2B /* AFURLSessionManager.m */; };
		04041EB71BF18EB3009C6D2B /* AFNetworkActivityIndicatorManager.m in Sources */ = {isa = PBXBuildFile; fileRef = 04041EA61BF18EB3009C6D2B /* AFNetworkActivityIndicatorManager.m */; };
		04041EB81BF18EB3009C6D2B /* UIActivityIndicatorView+AFNetworking.m in Sources */ = {isa = PBXBuildFile; fileRef = 04041EA81BF18EB3009C6D2B /* UIActivityIndicatorView+AFNetworking.m */; };
		04041EB91BF18EB3009C6D2B /* UIAlertView+AFNetworking.m in Sources */ = {isa = PBXBuildFile; fileRef = 04041EAA1BF18EB3009C6D2B /* UIAlertView+AFNetworking.m */; };
		04041EBA1BF18EB3009C6D2B /* UIButton+AFNetworking.m in Sources */ = {isa = PBXBuildFile; fileRef = 04041EAC1BF18EB3009C6D2B /* UIButton+AFNetworking.m */; };
		04041EBB1BF18EB3009C6D2B /* UIImageView+AFNetworking.m in Sources */ = {isa = PBXBuildFile; fileRef = 04041EAF1BF18EB3009C6D2B /* UIImageView+AFNetworking.m */; };
		04041EBC1BF18EB3009C6D2B /* UIProgressView+AFNetworking.m in Sources */ = {isa = PBXBuildFile; fileRef = 04041EB21BF18EB3009C6D2B /* UIProgressView+AFNetworking.m */; };
		04041EBD1BF18EB3009C6D2B /* UIRefreshControl+AFNetworking.m in Sources */ = {isa = PBXBuildFile; fileRef = 04041EB41BF18EB3009C6D2B /* UIRefreshControl+AFNetworking.m */; };
		04041EBE1BF18EB3009C6D2B /* UIWebView+AFNetworking.m in Sources */ = {isa = PBXBuildFile; fileRef = 04041EB61BF18EB3009C6D2B /* UIWebView+AFNetworking.m */; };
		04041EC51BF18ED8009C6D2B /* MBProgressHUD.mm in Sources */ = {isa = PBXBuildFile; fileRef = 04041EC11BF18ED8009C6D2B /* MBProgressHUD.mm */; };
		04041EC61BF18ED8009C6D2B /* HttpMethods.m in Sources */ = {isa = PBXBuildFile; fileRef = 04041EC31BF18ED8009C6D2B /* HttpMethods.m */; };
		042968DE1BCF792800975279 /* Circle.m in Sources */ = {isa = PBXBuildFile; fileRef = 042968D01BCF792800975279 /* Circle.m */; };
		042968DF1BCF792800975279 /* CircleObject.m in Sources */ = {isa = PBXBuildFile; fileRef = 042968D21BCF792800975279 /* CircleObject.m */; };
		042968E01BCF792800975279 /* CPVTabViewController.m in Sources */ = {isa = PBXBuildFile; fileRef = 042968D41BCF792800975279 /* CPVTabViewController.m */; };
		042968E11BCF792800975279 /* ConMethods.m in Sources */ = {isa = PBXBuildFile; fileRef = 042968D61BCF792800975279 /* ConMethods.m */; };
		042968E21BCF792800975279 /* ApexJs.m in Sources */ = {isa = PBXBuildFile; fileRef = 042968D91BCF792800975279 /* ApexJs.m */; };
		042968E31BCF792800975279 /* PublicMethod.mm in Sources */ = {isa = PBXBuildFile; fileRef = 042968DB1BCF792800975279 /* PublicMethod.mm */; };
		042968E41BCF792800975279 /* UIKit+custom_.mm in Sources */ = {isa = PBXBuildFile; fileRef = 042968DD1BCF792800975279 /* UIKit+custom_.mm */; };
		042968E61BCF796D00975279 /* CoreTelephony.framework in Frameworks */ = {isa = PBXBuildFile; fileRef = 042968E51BCF796D00975279 /* CoreTelephony.framework */; };
		042968E81BCF797700975279 /* AddressBook.framework in Frameworks */ = {isa = PBXBuildFile; fileRef = 042968E71BCF797700975279 /* AddressBook.framework */; };
		0429690D1BCF7E9600975279 /* ShareMyData.m in Sources */ = {isa = PBXBuildFile; fileRef = 0429690C1BCF7E9600975279 /* ShareMyData.m */; };
		042969121BCF804B00975279 /* MainViewController.m in Sources */ = {isa = PBXBuildFile; fileRef = 042969101BCF804B00975279 /* MainViewController.m */; };
		042969131BCF804B00975279 /* MainViewController.xib in Resources */ = {isa = PBXBuildFile; fileRef = 042969111BCF804B00975279 /* MainViewController.xib */; };
		042969171BCF80D200975279 /* SpecialPerformanceViewController.m in Sources */ = {isa = PBXBuildFile; fileRef = 042969151BCF80D200975279 /* SpecialPerformanceViewController.m */; };
		042969181BCF80D200975279 /* SpecialPerformanceViewController.xib in Resources */ = {isa = PBXBuildFile; fileRef = 042969161BCF80D200975279 /* SpecialPerformanceViewController.xib */; };
		0429691C1BCF80F900975279 /* TreasureViewController.m in Sources */ = {isa = PBXBuildFile; fileRef = 0429691A1BCF80F900975279 /* TreasureViewController.m */; };
		0429691D1BCF80F900975279 /* TreasureViewController.xib in Resources */ = {isa = PBXBuildFile; fileRef = 0429691B1BCF80F900975279 /* TreasureViewController.xib */; };
		042969211BCF811900975279 /* MyViewController.m in Sources */ = {isa = PBXBuildFile; fileRef = 0429691F1BCF811900975279 /* MyViewController.m */; };
		042969221BCF811900975279 /* MyViewController.xib in Resources */ = {isa = PBXBuildFile; fileRef = 042969201BCF811900975279 /* MyViewController.xib */; };
		042A56971BF30CF9006032C5 /* DetailViewController.m in Sources */ = {isa = PBXBuildFile; fileRef = 042A56951BF30CF9006032C5 /* DetailViewController.m */; };
		042A56981BF30CF9006032C5 /* DetailViewController.xib in Resources */ = {isa = PBXBuildFile; fileRef = 042A56961BF30CF9006032C5 /* DetailViewController.xib */; };
		043E3E5F1BF9B09100FF5AAE /* MarkViewController.m in Sources */ = {isa = PBXBuildFile; fileRef = 043E3E5D1BF9B09100FF5AAE /* MarkViewController.m */; };
		043E3E601BF9B09100FF5AAE /* MarkViewController.xib in Resources */ = {isa = PBXBuildFile; fileRef = 043E3E5E1BF9B09100FF5AAE /* MarkViewController.xib */; };
		044B54AB1BD9E74D00CC4CC5 /* LoginViewController.m in Sources */ = {isa = PBXBuildFile; fileRef = 044B54A91BD9E74D00CC4CC5 /* LoginViewController.m */; };
		044B54AC1BD9E74D00CC4CC5 /* LoginViewController.xib in Resources */ = {isa = PBXBuildFile; fileRef = 044B54AA1BD9E74D00CC4CC5 /* LoginViewController.xib */; };
		044B54B51BD9E7FB00CC4CC5 /* GTMBase64XD.m in Sources */ = {isa = PBXBuildFile; fileRef = 044B54B11BD9E7FB00CC4CC5 /* GTMBase64XD.m */; };
		044B54B61BD9E7FB00CC4CC5 /* Base64XD.m in Sources */ = {isa = PBXBuildFile; fileRef = 044B54B41BD9E7FB00CC4CC5 /* Base64XD.m */; };
		044B54B91BD9E80500CC4CC5 /* OpenUDID.m in Sources */ = {isa = PBXBuildFile; fileRef = 044B54B81BD9E80500CC4CC5 /* OpenUDID.m */; settings = {COMPILER_FLAGS = "-fno-objc-arc"; }; };
		045A59131BFC162E00771AE0 /* MoreTableViewCell.m in Sources */ = {isa = PBXBuildFile; fileRef = 045A59111BFC162E00771AE0 /* MoreTableViewCell.m */; };
		045A59141BFC162E00771AE0 /* MoreTableViewCell.xib in Resources */ = {isa = PBXBuildFile; fileRef = 045A59121BFC162E00771AE0 /* MoreTableViewCell.xib */; };
		045A59191BFC2EB100771AE0 /* ListData.m in Sources */ = {isa = PBXBuildFile; fileRef = 045A59181BFC2EB000771AE0 /* ListData.m */; };
		047105FD1BCB670700F558FF /* main.m in Sources */ = {isa = PBXBuildFile; fileRef = 047105FC1BCB670700F558FF /* main.m */; };
		047106001BCB670700F558FF /* AppDelegate.m in Sources */ = {isa = PBXBuildFile; fileRef = 047105FF1BCB670700F558FF /* AppDelegate.m */; };
		047106081BCB670700F558FF /* Assets.xcassets in Resources */ = {isa = PBXBuildFile; fileRef = 047106071BCB670700F558FF /* Assets.xcassets */; };
		04B101621BFC6070008C6100 /* UserProcrolViewController.m in Sources */ = {isa = PBXBuildFile; fileRef = 04B101601BFC6070008C6100 /* UserProcrolViewController.m */; };
		04B101631BFC6070008C6100 /* UserProcrolViewController.xib in Resources */ = {isa = PBXBuildFile; fileRef = 04B101611BFC6070008C6100 /* UserProcrolViewController.xib */; };
		04B101671BFC6084008C6100 /* RegesterViewController.m in Sources */ = {isa = PBXBuildFile; fileRef = 04B101651BFC6084008C6100 /* RegesterViewController.m */; };
		04B101681BFC6084008C6100 /* RegesterViewController.xib in Resources */ = {isa = PBXBuildFile; fileRef = 04B101661BFC6084008C6100 /* RegesterViewController.xib */; };
		04BC405F1BFDBE6A00548EBA /* MoreViewController.m in Sources */ = {isa = PBXBuildFile; fileRef = 04BC405D1BFDBE6A00548EBA /* MoreViewController.m */; settings = {ASSET_TAGS = (); }; };
		04BC40601BFDBE6A00548EBA /* MoreViewController.xib in Resources */ = {isa = PBXBuildFile; fileRef = 04BC405E1BFDBE6A00548EBA /* MoreViewController.xib */; settings = {ASSET_TAGS = (); }; };
		04BC406A1BFDBE8900548EBA /* AboutViewController.m in Sources */ = {isa = PBXBuildFile; fileRef = 04BC40621BFDBE8900548EBA /* AboutViewController.m */; settings = {ASSET_TAGS = (); }; };
		04BC406B1BFDBE8900548EBA /* AboutViewController.xib in Resources */ = {isa = PBXBuildFile; fileRef = 04BC40631BFDBE8900548EBA /* AboutViewController.xib */; settings = {ASSET_TAGS = (); }; };
		04BC406C1BFDBE8900548EBA /* PublicViewController.m in Sources */ = {isa = PBXBuildFile; fileRef = 04BC40651BFDBE8900548EBA /* PublicViewController.m */; settings = {ASSET_TAGS = (); }; };
		04BC406D1BFDBE8900548EBA /* PublicViewController.xib in Resources */ = {isa = PBXBuildFile; fileRef = 04BC40661BFDBE8900548EBA /* PublicViewController.xib */; settings = {ASSET_TAGS = (); }; };
		04BC406E1BFDBE8900548EBA /* WebDetailViewController.m in Sources */ = {isa = PBXBuildFile; fileRef = 04BC40681BFDBE8900548EBA /* WebDetailViewController.m */; settings = {ASSET_TAGS = (); }; };
		04BC406F1BFDBE8900548EBA /* WebDetailViewController.xib in Resources */ = {isa = PBXBuildFile; fileRef = 04BC40691BFDBE8900548EBA /* WebDetailViewController.xib */; settings = {ASSET_TAGS = (); }; };
		04BC40731BFDC39700548EBA /* ProviousViewController.m in Sources */ = {isa = PBXBuildFile; fileRef = 04BC40711BFDC39700548EBA /* ProviousViewController.m */; settings = {ASSET_TAGS = (); }; };
		04BC40741BFDC39700548EBA /* ProviousViewController.xib in Resources */ = {isa = PBXBuildFile; fileRef = 04BC40721BFDC39700548EBA /* ProviousViewController.xib */; settings = {ASSET_TAGS = (); }; };
/* End PBXBuildFile section */

/* Begin PBXFileReference section */
		04041E3F1BF18A18009C6D2B /* Child.h */ = {isa = PBXFileReference; fileEncoding = 4; lastKnownFileType = sourcecode.c.h; path = Child.h; sourceTree = "<group>"; };
		04041E401BF18A18009C6D2B /* Child.m */ = {isa = PBXFileReference; fileEncoding = 4; lastKnownFileType = sourcecode.c.objc; path = Child.m; sourceTree = "<group>"; };
		04041E421BF18A25009C6D2B /* sdRefeshView_arrow@2x.png */ = {isa = PBXFileReference; lastKnownFileType = image.png; path = "sdRefeshView_arrow@2x.png"; sourceTree = "<group>"; };
		04041E431BF18A25009C6D2B /* SDRefreshView.h */ = {isa = PBXFileReference; fileEncoding = 4; lastKnownFileType = sourcecode.c.h; path = SDRefreshView.h; sourceTree = "<group>"; };
		04041E441BF18A25009C6D2B /* SDRefreshView.m */ = {isa = PBXFileReference; fileEncoding = 4; lastKnownFileType = sourcecode.c.objc; path = SDRefreshView.m; sourceTree = "<group>"; };
		04041E451BF18A25009C6D2B /* SDRefreshHeaderView.h */ = {isa = PBXFileReference; fileEncoding = 4; lastKnownFileType = sourcecode.c.h; path = SDRefreshHeaderView.h; sourceTree = "<group>"; };
		04041E461BF18A25009C6D2B /* SDRefreshHeaderView.m */ = {isa = PBXFileReference; fileEncoding = 4; lastKnownFileType = sourcecode.c.objc; path = SDRefreshHeaderView.m; sourceTree = "<group>"; };
		04041E471BF18A25009C6D2B /* UIView+SDExtension.h */ = {isa = PBXFileReference; fileEncoding = 4; lastKnownFileType = sourcecode.c.h; path = "UIView+SDExtension.h"; sourceTree = "<group>"; };
		04041E481BF18A25009C6D2B /* UIView+SDExtension.m */ = {isa = PBXFileReference; fileEncoding = 4; lastKnownFileType = sourcecode.c.objc; path = "UIView+SDExtension.m"; sourceTree = "<group>"; };
		04041E491BF18A25009C6D2B /* SDRefreshFooterView.h */ = {isa = PBXFileReference; fileEncoding = 4; lastKnownFileType = sourcecode.c.h; path = SDRefreshFooterView.h; sourceTree = "<group>"; };
		04041E4A1BF18A25009C6D2B /* SDRefreshFooterView.m */ = {isa = PBXFileReference; fileEncoding = 4; lastKnownFileType = sourcecode.c.objc; path = SDRefreshFooterView.m; sourceTree = "<group>"; };
		04041E4B1BF18A25009C6D2B /* SDRefresh.h */ = {isa = PBXFileReference; fileEncoding = 4; lastKnownFileType = sourcecode.c.h; path = SDRefresh.h; sourceTree = "<group>"; };
		04041E891BF18EA4009C6D2B /* AFHTTPRequestOperation.h */ = {isa = PBXFileReference; fileEncoding = 4; lastKnownFileType = sourcecode.c.h; path = AFHTTPRequestOperation.h; sourceTree = "<group>"; };
		04041E8A1BF18EA4009C6D2B /* AFHTTPRequestOperation.m */ = {isa = PBXFileReference; fileEncoding = 4; lastKnownFileType = sourcecode.c.objc; path = AFHTTPRequestOperation.m; sourceTree = "<group>"; };
		04041E8B1BF18EA4009C6D2B /* AFHTTPRequestOperationManager.h */ = {isa = PBXFileReference; fileEncoding = 4; lastKnownFileType = sourcecode.c.h; path = AFHTTPRequestOperationManager.h; sourceTree = "<group>"; };
		04041E8C1BF18EA4009C6D2B /* AFHTTPRequestOperationManager.m */ = {isa = PBXFileReference; fileEncoding = 4; lastKnownFileType = sourcecode.c.objc; path = AFHTTPRequestOperationManager.m; sourceTree = "<group>"; };
		04041E8D1BF18EA4009C6D2B /* AFHTTPSessionManager.h */ = {isa = PBXFileReference; fileEncoding = 4; lastKnownFileType = sourcecode.c.h; path = AFHTTPSessionManager.h; sourceTree = "<group>"; };
		04041E8E1BF18EA4009C6D2B /* AFHTTPSessionManager.m */ = {isa = PBXFileReference; fileEncoding = 4; lastKnownFileType = sourcecode.c.objc; path = AFHTTPSessionManager.m; sourceTree = "<group>"; };
		04041E8F1BF18EA4009C6D2B /* AFNetworking.h */ = {isa = PBXFileReference; fileEncoding = 4; lastKnownFileType = sourcecode.c.h; path = AFNetworking.h; sourceTree = "<group>"; };
		04041E901BF18EA4009C6D2B /* AFNetworkReachabilityManager.h */ = {isa = PBXFileReference; fileEncoding = 4; lastKnownFileType = sourcecode.c.h; path = AFNetworkReachabilityManager.h; sourceTree = "<group>"; };
		04041E911BF18EA4009C6D2B /* AFNetworkReachabilityManager.m */ = {isa = PBXFileReference; fileEncoding = 4; lastKnownFileType = sourcecode.c.objc; path = AFNetworkReachabilityManager.m; sourceTree = "<group>"; };
		04041E921BF18EA4009C6D2B /* AFSecurityPolicy.h */ = {isa = PBXFileReference; fileEncoding = 4; lastKnownFileType = sourcecode.c.h; path = AFSecurityPolicy.h; sourceTree = "<group>"; };
		04041E931BF18EA4009C6D2B /* AFSecurityPolicy.m */ = {isa = PBXFileReference; fileEncoding = 4; lastKnownFileType = sourcecode.c.objc; path = AFSecurityPolicy.m; sourceTree = "<group>"; };
		04041E941BF18EA4009C6D2B /* AFURLConnectionOperation.h */ = {isa = PBXFileReference; fileEncoding = 4; lastKnownFileType = sourcecode.c.h; path = AFURLConnectionOperation.h; sourceTree = "<group>"; };
		04041E951BF18EA4009C6D2B /* AFURLConnectionOperation.m */ = {isa = PBXFileReference; fileEncoding = 4; lastKnownFileType = sourcecode.c.objc; path = AFURLConnectionOperation.m; sourceTree = "<group>"; };
		04041E961BF18EA4009C6D2B /* AFURLRequestSerialization.h */ = {isa = PBXFileReference; fileEncoding = 4; lastKnownFileType = sourcecode.c.h; path = AFURLRequestSerialization.h; sourceTree = "<group>"; };
		04041E971BF18EA4009C6D2B /* AFURLRequestSerialization.m */ = {isa = PBXFileReference; fileEncoding = 4; lastKnownFileType = sourcecode.c.objc; path = AFURLRequestSerialization.m; sourceTree = "<group>"; };
		04041E981BF18EA4009C6D2B /* AFURLResponseSerialization.h */ = {isa = PBXFileReference; fileEncoding = 4; lastKnownFileType = sourcecode.c.h; path = AFURLResponseSerialization.h; sourceTree = "<group>"; };
		04041E991BF18EA4009C6D2B /* AFURLResponseSerialization.m */ = {isa = PBXFileReference; fileEncoding = 4; lastKnownFileType = sourcecode.c.objc; path = AFURLResponseSerialization.m; sourceTree = "<group>"; };
		04041E9A1BF18EA4009C6D2B /* AFURLSessionManager.h */ = {isa = PBXFileReference; fileEncoding = 4; lastKnownFileType = sourcecode.c.h; path = AFURLSessionManager.h; sourceTree = "<group>"; };
		04041E9B1BF18EA4009C6D2B /* AFURLSessionManager.m */ = {isa = PBXFileReference; fileEncoding = 4; lastKnownFileType = sourcecode.c.objc; path = AFURLSessionManager.m; sourceTree = "<group>"; };
		04041EA51BF18EB3009C6D2B /* AFNetworkActivityIndicatorManager.h */ = {isa = PBXFileReference; fileEncoding = 4; lastKnownFileType = sourcecode.c.h; path = AFNetworkActivityIndicatorManager.h; sourceTree = "<group>"; };
		04041EA61BF18EB3009C6D2B /* AFNetworkActivityIndicatorManager.m */ = {isa = PBXFileReference; fileEncoding = 4; lastKnownFileType = sourcecode.c.objc; path = AFNetworkActivityIndicatorManager.m; sourceTree = "<group>"; };
		04041EA71BF18EB3009C6D2B /* UIActivityIndicatorView+AFNetworking.h */ = {isa = PBXFileReference; fileEncoding = 4; lastKnownFileType = sourcecode.c.h; path = "UIActivityIndicatorView+AFNetworking.h"; sourceTree = "<group>"; };
		04041EA81BF18EB3009C6D2B /* UIActivityIndicatorView+AFNetworking.m */ = {isa = PBXFileReference; fileEncoding = 4; lastKnownFileType = sourcecode.c.objc; path = "UIActivityIndicatorView+AFNetworking.m"; sourceTree = "<group>"; };
		04041EA91BF18EB3009C6D2B /* UIAlertView+AFNetworking.h */ = {isa = PBXFileReference; fileEncoding = 4; lastKnownFileType = sourcecode.c.h; path = "UIAlertView+AFNetworking.h"; sourceTree = "<group>"; };
		04041EAA1BF18EB3009C6D2B /* UIAlertView+AFNetworking.m */ = {isa = PBXFileReference; fileEncoding = 4; lastKnownFileType = sourcecode.c.objc; path = "UIAlertView+AFNetworking.m"; sourceTree = "<group>"; };
		04041EAB1BF18EB3009C6D2B /* UIButton+AFNetworking.h */ = {isa = PBXFileReference; fileEncoding = 4; lastKnownFileType = sourcecode.c.h; path = "UIButton+AFNetworking.h"; sourceTree = "<group>"; };
		04041EAC1BF18EB3009C6D2B /* UIButton+AFNetworking.m */ = {isa = PBXFileReference; fileEncoding = 4; lastKnownFileType = sourcecode.c.objc; path = "UIButton+AFNetworking.m"; sourceTree = "<group>"; };
		04041EAD1BF18EB3009C6D2B /* UIImage+AFNetworking.h */ = {isa = PBXFileReference; fileEncoding = 4; lastKnownFileType = sourcecode.c.h; path = "UIImage+AFNetworking.h"; sourceTree = "<group>"; };
		04041EAE1BF18EB3009C6D2B /* UIImageView+AFNetworking.h */ = {isa = PBXFileReference; fileEncoding = 4; lastKnownFileType = sourcecode.c.h; path = "UIImageView+AFNetworking.h"; sourceTree = "<group>"; };
		04041EAF1BF18EB3009C6D2B /* UIImageView+AFNetworking.m */ = {isa = PBXFileReference; fileEncoding = 4; lastKnownFileType = sourcecode.c.objc; path = "UIImageView+AFNetworking.m"; sourceTree = "<group>"; };
		04041EB01BF18EB3009C6D2B /* UIKit+AFNetworking.h */ = {isa = PBXFileReference; fileEncoding = 4; lastKnownFileType = sourcecode.c.h; path = "UIKit+AFNetworking.h"; sourceTree = "<group>"; };
		04041EB11BF18EB3009C6D2B /* UIProgressView+AFNetworking.h */ = {isa = PBXFileReference; fileEncoding = 4; lastKnownFileType = sourcecode.c.h; path = "UIProgressView+AFNetworking.h"; sourceTree = "<group>"; };
		04041EB21BF18EB3009C6D2B /* UIProgressView+AFNetworking.m */ = {isa = PBXFileReference; fileEncoding = 4; lastKnownFileType = sourcecode.c.objc; path = "UIProgressView+AFNetworking.m"; sourceTree = "<group>"; };
		04041EB31BF18EB3009C6D2B /* UIRefreshControl+AFNetworking.h */ = {isa = PBXFileReference; fileEncoding = 4; lastKnownFileType = sourcecode.c.h; path = "UIRefreshControl+AFNetworking.h"; sourceTree = "<group>"; };
		04041EB41BF18EB3009C6D2B /* UIRefreshControl+AFNetworking.m */ = {isa = PBXFileReference; fileEncoding = 4; lastKnownFileType = sourcecode.c.objc; path = "UIRefreshControl+AFNetworking.m"; sourceTree = "<group>"; };
		04041EB51BF18EB3009C6D2B /* UIWebView+AFNetworking.h */ = {isa = PBXFileReference; fileEncoding = 4; lastKnownFileType = sourcecode.c.h; path = "UIWebView+AFNetworking.h"; sourceTree = "<group>"; };
		04041EB61BF18EB3009C6D2B /* UIWebView+AFNetworking.m */ = {isa = PBXFileReference; fileEncoding = 4; lastKnownFileType = sourcecode.c.objc; path = "UIWebView+AFNetworking.m"; sourceTree = "<group>"; };
		04041EC01BF18ED8009C6D2B /* MBProgressHUD.h */ = {isa = PBXFileReference; fileEncoding = 4; lastKnownFileType = sourcecode.c.h; path = MBProgressHUD.h; sourceTree = "<group>"; };
		04041EC11BF18ED8009C6D2B /* MBProgressHUD.mm */ = {isa = PBXFileReference; fileEncoding = 4; lastKnownFileType = sourcecode.cpp.objcpp; path = MBProgressHUD.mm; sourceTree = "<group>"; };
		04041EC21BF18ED8009C6D2B /* HttpMethods.h */ = {isa = PBXFileReference; fileEncoding = 4; lastKnownFileType = sourcecode.c.h; path = HttpMethods.h; sourceTree = "<group>"; };
		04041EC31BF18ED8009C6D2B /* HttpMethods.m */ = {isa = PBXFileReference; fileEncoding = 4; lastKnownFileType = sourcecode.c.objc; path = HttpMethods.m; sourceTree = "<group>"; };
		04041EC41BF18ED8009C6D2B /* NetWork.h */ = {isa = PBXFileReference; fileEncoding = 4; lastKnownFileType = sourcecode.c.h; path = NetWork.h; sourceTree = "<group>"; };
		042968CF1BCF792800975279 /* Circle.h */ = {isa = PBXFileReference; fileEncoding = 4; lastKnownFileType = sourcecode.c.h; path = Circle.h; sourceTree = "<group>"; };
		042968D01BCF792800975279 /* Circle.m */ = {isa = PBXFileReference; fileEncoding = 4; lastKnownFileType = sourcecode.c.objc; path = Circle.m; sourceTree = "<group>"; };
		042968D11BCF792800975279 /* CircleObject.h */ = {isa = PBXFileReference; fileEncoding = 4; lastKnownFileType = sourcecode.c.h; path = CircleObject.h; sourceTree = "<group>"; };
		042968D21BCF792800975279 /* CircleObject.m */ = {isa = PBXFileReference; fileEncoding = 4; lastKnownFileType = sourcecode.c.objc; path = CircleObject.m; sourceTree = "<group>"; };
		042968D31BCF792800975279 /* CPVTabViewController.h */ = {isa = PBXFileReference; fileEncoding = 4; lastKnownFileType = sourcecode.c.h; path = CPVTabViewController.h; sourceTree = "<group>"; };
		042968D41BCF792800975279 /* CPVTabViewController.m */ = {isa = PBXFileReference; fileEncoding = 4; lastKnownFileType = sourcecode.c.objc; path = CPVTabViewController.m; sourceTree = "<group>"; };
		042968D51BCF792800975279 /* ConMethods.h */ = {isa = PBXFileReference; fileEncoding = 4; lastKnownFileType = sourcecode.c.h; path = ConMethods.h; sourceTree = "<group>"; };
		042968D61BCF792800975279 /* ConMethods.m */ = {isa = PBXFileReference; fileEncoding = 4; lastKnownFileType = sourcecode.c.objc; path = ConMethods.m; sourceTree = "<group>"; };
		042968D71BCF792800975279 /* ShareHeader.h */ = {isa = PBXFileReference; fileEncoding = 4; lastKnownFileType = sourcecode.c.h; path = ShareHeader.h; sourceTree = "<group>"; };
		042968D81BCF792800975279 /* ApexJs.h */ = {isa = PBXFileReference; fileEncoding = 4; lastKnownFileType = sourcecode.c.h; path = ApexJs.h; sourceTree = "<group>"; };
		042968D91BCF792800975279 /* ApexJs.m */ = {isa = PBXFileReference; fileEncoding = 4; lastKnownFileType = sourcecode.c.objc; path = ApexJs.m; sourceTree = "<group>"; };
		042968DA1BCF792800975279 /* PublicMethod.h */ = {isa = PBXFileReference; fileEncoding = 4; lastKnownFileType = sourcecode.c.h; path = PublicMethod.h; sourceTree = "<group>"; };
		042968DB1BCF792800975279 /* PublicMethod.mm */ = {isa = PBXFileReference; fileEncoding = 4; lastKnownFileType = sourcecode.cpp.objcpp; path = PublicMethod.mm; sourceTree = "<group>"; };
		042968DC1BCF792800975279 /* UIKit+custom_.h */ = {isa = PBXFileReference; fileEncoding = 4; lastKnownFileType = sourcecode.c.h; path = "UIKit+custom_.h"; sourceTree = "<group>"; };
		042968DD1BCF792800975279 /* UIKit+custom_.mm */ = {isa = PBXFileReference; fileEncoding = 4; lastKnownFileType = sourcecode.cpp.objcpp; path = "UIKit+custom_.mm"; sourceTree = "<group>"; };
		042968E51BCF796D00975279 /* CoreTelephony.framework */ = {isa = PBXFileReference; lastKnownFileType = wrapper.framework; name = CoreTelephony.framework; path = System/Library/Frameworks/CoreTelephony.framework; sourceTree = SDKROOT; };
		042968E71BCF797700975279 /* AddressBook.framework */ = {isa = PBXFileReference; lastKnownFileType = wrapper.framework; name = AddressBook.framework; path = System/Library/Frameworks/AddressBook.framework; sourceTree = SDKROOT; };
		0429690B1BCF7E9600975279 /* ShareMyData.h */ = {isa = PBXFileReference; fileEncoding = 4; lastKnownFileType = sourcecode.c.h; path = ShareMyData.h; sourceTree = "<group>"; };
		0429690C1BCF7E9600975279 /* ShareMyData.m */ = {isa = PBXFileReference; fileEncoding = 4; lastKnownFileType = sourcecode.c.objc; path = ShareMyData.m; sourceTree = "<group>"; };
		0429690F1BCF804B00975279 /* MainViewController.h */ = {isa = PBXFileReference; fileEncoding = 4; lastKnownFileType = sourcecode.c.h; path = MainViewController.h; sourceTree = "<group>"; };
		042969101BCF804B00975279 /* MainViewController.m */ = {isa = PBXFileReference; fileEncoding = 4; lastKnownFileType = sourcecode.c.objc; path = MainViewController.m; sourceTree = "<group>"; };
		042969111BCF804B00975279 /* MainViewController.xib */ = {isa = PBXFileReference; fileEncoding = 4; lastKnownFileType = file.xib; path = MainViewController.xib; sourceTree = "<group>"; };
		042969141BCF80D200975279 /* SpecialPerformanceViewController.h */ = {isa = PBXFileReference; fileEncoding = 4; lastKnownFileType = sourcecode.c.h; path = SpecialPerformanceViewController.h; sourceTree = "<group>"; };
		042969151BCF80D200975279 /* SpecialPerformanceViewController.m */ = {isa = PBXFileReference; fileEncoding = 4; lastKnownFileType = sourcecode.c.objc; path = SpecialPerformanceViewController.m; sourceTree = "<group>"; };
		042969161BCF80D200975279 /* SpecialPerformanceViewController.xib */ = {isa = PBXFileReference; fileEncoding = 4; lastKnownFileType = file.xib; path = SpecialPerformanceViewController.xib; sourceTree = "<group>"; };
		042969191BCF80F900975279 /* TreasureViewController.h */ = {isa = PBXFileReference; fileEncoding = 4; lastKnownFileType = sourcecode.c.h; path = TreasureViewController.h; sourceTree = "<group>"; };
		0429691A1BCF80F900975279 /* TreasureViewController.m */ = {isa = PBXFileReference; fileEncoding = 4; lastKnownFileType = sourcecode.c.objc; path = TreasureViewController.m; sourceTree = "<group>"; };
		0429691B1BCF80F900975279 /* TreasureViewController.xib */ = {isa = PBXFileReference; fileEncoding = 4; lastKnownFileType = file.xib; path = TreasureViewController.xib; sourceTree = "<group>"; };
		0429691E1BCF811900975279 /* MyViewController.h */ = {isa = PBXFileReference; fileEncoding = 4; lastKnownFileType = sourcecode.c.h; path = MyViewController.h; sourceTree = "<group>"; };
		0429691F1BCF811900975279 /* MyViewController.m */ = {isa = PBXFileReference; fileEncoding = 4; lastKnownFileType = sourcecode.c.objc; path = MyViewController.m; sourceTree = "<group>"; };
		042969201BCF811900975279 /* MyViewController.xib */ = {isa = PBXFileReference; fileEncoding = 4; lastKnownFileType = file.xib; path = MyViewController.xib; sourceTree = "<group>"; };
		042A56941BF30CF9006032C5 /* DetailViewController.h */ = {isa = PBXFileReference; fileEncoding = 4; lastKnownFileType = sourcecode.c.h; path = DetailViewController.h; sourceTree = "<group>"; };
		042A56951BF30CF9006032C5 /* DetailViewController.m */ = {isa = PBXFileReference; fileEncoding = 4; lastKnownFileType = sourcecode.c.objc; path = DetailViewController.m; sourceTree = "<group>"; };
		042A56961BF30CF9006032C5 /* DetailViewController.xib */ = {isa = PBXFileReference; fileEncoding = 4; lastKnownFileType = file.xib; path = DetailViewController.xib; sourceTree = "<group>"; };
		043E3E5C1BF9B09100FF5AAE /* MarkViewController.h */ = {isa = PBXFileReference; fileEncoding = 4; lastKnownFileType = sourcecode.c.h; path = MarkViewController.h; sourceTree = "<group>"; };
		043E3E5D1BF9B09100FF5AAE /* MarkViewController.m */ = {isa = PBXFileReference; fileEncoding = 4; lastKnownFileType = sourcecode.c.objc; path = MarkViewController.m; sourceTree = "<group>"; };
		043E3E5E1BF9B09100FF5AAE /* MarkViewController.xib */ = {isa = PBXFileReference; fileEncoding = 4; lastKnownFileType = file.xib; path = MarkViewController.xib; sourceTree = "<group>"; };
		044B54A81BD9E74D00CC4CC5 /* LoginViewController.h */ = {isa = PBXFileReference; fileEncoding = 4; lastKnownFileType = sourcecode.c.h; path = LoginViewController.h; sourceTree = "<group>"; };
		044B54A91BD9E74D00CC4CC5 /* LoginViewController.m */ = {isa = PBXFileReference; fileEncoding = 4; lastKnownFileType = sourcecode.c.objc; path = LoginViewController.m; sourceTree = "<group>"; };
		044B54AA1BD9E74D00CC4CC5 /* LoginViewController.xib */ = {isa = PBXFileReference; fileEncoding = 4; lastKnownFileType = file.xib; path = LoginViewController.xib; sourceTree = "<group>"; };
		044B54B01BD9E7FB00CC4CC5 /* GTMBase64XD.h */ = {isa = PBXFileReference; fileEncoding = 4; lastKnownFileType = sourcecode.c.h; path = GTMBase64XD.h; sourceTree = "<group>"; };
		044B54B11BD9E7FB00CC4CC5 /* GTMBase64XD.m */ = {isa = PBXFileReference; fileEncoding = 4; lastKnownFileType = sourcecode.c.objc; path = GTMBase64XD.m; sourceTree = "<group>"; };
		044B54B21BD9E7FB00CC4CC5 /* GTMDefines.h */ = {isa = PBXFileReference; fileEncoding = 4; lastKnownFileType = sourcecode.c.h; path = GTMDefines.h; sourceTree = "<group>"; };
		044B54B31BD9E7FB00CC4CC5 /* Base64XD.h */ = {isa = PBXFileReference; fileEncoding = 4; lastKnownFileType = sourcecode.c.h; path = Base64XD.h; sourceTree = "<group>"; };
		044B54B41BD9E7FB00CC4CC5 /* Base64XD.m */ = {isa = PBXFileReference; fileEncoding = 4; lastKnownFileType = sourcecode.c.objc; path = Base64XD.m; sourceTree = "<group>"; };
		044B54B71BD9E80500CC4CC5 /* OpenUDID.h */ = {isa = PBXFileReference; fileEncoding = 4; lastKnownFileType = sourcecode.c.h; path = OpenUDID.h; sourceTree = "<group>"; };
		044B54B81BD9E80500CC4CC5 /* OpenUDID.m */ = {isa = PBXFileReference; fileEncoding = 4; lastKnownFileType = sourcecode.c.objc; path = OpenUDID.m; sourceTree = "<group>"; };
		045A59101BFC162E00771AE0 /* MoreTableViewCell.h */ = {isa = PBXFileReference; fileEncoding = 4; lastKnownFileType = sourcecode.c.h; path = MoreTableViewCell.h; sourceTree = "<group>"; };
		045A59111BFC162E00771AE0 /* MoreTableViewCell.m */ = {isa = PBXFileReference; fileEncoding = 4; lastKnownFileType = sourcecode.c.objc; path = MoreTableViewCell.m; sourceTree = "<group>"; };
		045A59121BFC162E00771AE0 /* MoreTableViewCell.xib */ = {isa = PBXFileReference; fileEncoding = 4; lastKnownFileType = file.xib; path = MoreTableViewCell.xib; sourceTree = "<group>"; };
		045A59171BFC2EB000771AE0 /* ListData.h */ = {isa = PBXFileReference; fileEncoding = 4; lastKnownFileType = sourcecode.c.h; path = ListData.h; sourceTree = "<group>"; };
		045A59181BFC2EB000771AE0 /* ListData.m */ = {isa = PBXFileReference; fileEncoding = 4; lastKnownFileType = sourcecode.c.objc; path = ListData.m; sourceTree = "<group>"; };
		047105F81BCB670600F558FF /* BeijingEquityTrading.app */ = {isa = PBXFileReference; explicitFileType = wrapper.application; includeInIndex = 0; path = BeijingEquityTrading.app; sourceTree = BUILT_PRODUCTS_DIR; };
		047105FC1BCB670700F558FF /* main.m */ = {isa = PBXFileReference; lastKnownFileType = sourcecode.c.objc; path = main.m; sourceTree = "<group>"; };
		047105FE1BCB670700F558FF /* AppDelegate.h */ = {isa = PBXFileReference; lastKnownFileType = sourcecode.c.h; path = AppDelegate.h; sourceTree = "<group>"; };
		047105FF1BCB670700F558FF /* AppDelegate.m */ = {isa = PBXFileReference; lastKnownFileType = sourcecode.c.objc; path = AppDelegate.m; sourceTree = "<group>"; };
		047106071BCB670700F558FF /* Assets.xcassets */ = {isa = PBXFileReference; lastKnownFileType = folder.assetcatalog; path = Assets.xcassets; sourceTree = "<group>"; };
		0471060C1BCB670700F558FF /* Info.plist */ = {isa = PBXFileReference; lastKnownFileType = text.plist.xml; path = Info.plist; sourceTree = "<group>"; };
		04B1015F1BFC6070008C6100 /* UserProcrolViewController.h */ = {isa = PBXFileReference; fileEncoding = 4; lastKnownFileType = sourcecode.c.h; path = UserProcrolViewController.h; sourceTree = "<group>"; };
		04B101601BFC6070008C6100 /* UserProcrolViewController.m */ = {isa = PBXFileReference; fileEncoding = 4; lastKnownFileType = sourcecode.c.objc; path = UserProcrolViewController.m; sourceTree = "<group>"; };
		04B101611BFC6070008C6100 /* UserProcrolViewController.xib */ = {isa = PBXFileReference; fileEncoding = 4; lastKnownFileType = file.xib; path = UserProcrolViewController.xib; sourceTree = "<group>"; };
		04B101641BFC6084008C6100 /* RegesterViewController.h */ = {isa = PBXFileReference; fileEncoding = 4; lastKnownFileType = sourcecode.c.h; path = RegesterViewController.h; sourceTree = "<group>"; };
		04B101651BFC6084008C6100 /* RegesterViewController.m */ = {isa = PBXFileReference; fileEncoding = 4; lastKnownFileType = sourcecode.c.objc; path = RegesterViewController.m; sourceTree = "<group>"; };
		04B101661BFC6084008C6100 /* RegesterViewController.xib */ = {isa = PBXFileReference; fileEncoding = 4; lastKnownFileType = file.xib; path = RegesterViewController.xib; sourceTree = "<group>"; };
		04BC405C1BFDBE6A00548EBA /* MoreViewController.h */ = {isa = PBXFileReference; fileEncoding = 4; lastKnownFileType = sourcecode.c.h; path = MoreViewController.h; sourceTree = "<group>"; };
		04BC405D1BFDBE6A00548EBA /* MoreViewController.m */ = {isa = PBXFileReference; fileEncoding = 4; lastKnownFileType = sourcecode.c.objc; path = MoreViewController.m; sourceTree = "<group>"; };
		04BC405E1BFDBE6A00548EBA /* MoreViewController.xib */ = {isa = PBXFileReference; fileEncoding = 4; lastKnownFileType = file.xib; path = MoreViewController.xib; sourceTree = "<group>"; };
		04BC40611BFDBE8900548EBA /* AboutViewController.h */ = {isa = PBXFileReference; fileEncoding = 4; lastKnownFileType = sourcecode.c.h; path = AboutViewController.h; sourceTree = "<group>"; };
		04BC40621BFDBE8900548EBA /* AboutViewController.m */ = {isa = PBXFileReference; fileEncoding = 4; lastKnownFileType = sourcecode.c.objc; path = AboutViewController.m; sourceTree = "<group>"; };
		04BC40631BFDBE8900548EBA /* AboutViewController.xib */ = {isa = PBXFileReference; fileEncoding = 4; lastKnownFileType = file.xib; path = AboutViewController.xib; sourceTree = "<group>"; };
		04BC40641BFDBE8900548EBA /* PublicViewController.h */ = {isa = PBXFileReference; fileEncoding = 4; lastKnownFileType = sourcecode.c.h; path = PublicViewController.h; sourceTree = "<group>"; };
		04BC40651BFDBE8900548EBA /* PublicViewController.m */ = {isa = PBXFileReference; fileEncoding = 4; lastKnownFileType = sourcecode.c.objc; path = PublicViewController.m; sourceTree = "<group>"; };
		04BC40661BFDBE8900548EBA /* PublicViewController.xib */ = {isa = PBXFileReference; fileEncoding = 4; lastKnownFileType = file.xib; path = PublicViewController.xib; sourceTree = "<group>"; };
		04BC40671BFDBE8900548EBA /* WebDetailViewController.h */ = {isa = PBXFileReference; fileEncoding = 4; lastKnownFileType = sourcecode.c.h; path = WebDetailViewController.h; sourceTree = "<group>"; };
		04BC40681BFDBE8900548EBA /* WebDetailViewController.m */ = {isa = PBXFileReference; fileEncoding = 4; lastKnownFileType = sourcecode.c.objc; path = WebDetailViewController.m; sourceTree = "<group>"; };
		04BC40691BFDBE8900548EBA /* WebDetailViewController.xib */ = {isa = PBXFileReference; fileEncoding = 4; lastKnownFileType = file.xib; path = WebDetailViewController.xib; sourceTree = "<group>"; };
		04BC40701BFDC39700548EBA /* ProviousViewController.h */ = {isa = PBXFileReference; fileEncoding = 4; lastKnownFileType = sourcecode.c.h; path = ProviousViewController.h; sourceTree = "<group>"; };
		04BC40711BFDC39700548EBA /* ProviousViewController.m */ = {isa = PBXFileReference; fileEncoding = 4; lastKnownFileType = sourcecode.c.objc; path = ProviousViewController.m; sourceTree = "<group>"; };
		04BC40721BFDC39700548EBA /* ProviousViewController.xib */ = {isa = PBXFileReference; fileEncoding = 4; lastKnownFileType = file.xib; path = ProviousViewController.xib; sourceTree = "<group>"; };
/* End PBXFileReference section */

/* Begin PBXFrameworksBuildPhase section */
		047105F51BCB670600F558FF /* Frameworks */ = {
			isa = PBXFrameworksBuildPhase;
			buildActionMask = 2147483647;
			files = (
				042968E81BCF797700975279 /* AddressBook.framework in Frameworks */,
				042968E61BCF796D00975279 /* CoreTelephony.framework in Frameworks */,
			);
			runOnlyForDeploymentPostprocessing = 0;
		};
/* End PBXFrameworksBuildPhase section */

/* Begin PBXGroup section */
		04041E3D1BF189E1009C6D2B /* Child */ = {
			isa = PBXGroup;
			children = (
				04041E3F1BF18A18009C6D2B /* Child.h */,
				04041E401BF18A18009C6D2B /* Child.m */,
			);
			name = Child;
			sourceTree = "<group>";
		};
		04041E3E1BF189EC009C6D2B /* SDRefresh */ = {
			isa = PBXGroup;
			children = (
				04041E421BF18A25009C6D2B /* sdRefeshView_arrow@2x.png */,
				04041E431BF18A25009C6D2B /* SDRefreshView.h */,
				04041E441BF18A25009C6D2B /* SDRefreshView.m */,
				04041E451BF18A25009C6D2B /* SDRefreshHeaderView.h */,
				04041E461BF18A25009C6D2B /* SDRefreshHeaderView.m */,
				04041E471BF18A25009C6D2B /* UIView+SDExtension.h */,
				04041E481BF18A25009C6D2B /* UIView+SDExtension.m */,
				04041E491BF18A25009C6D2B /* SDRefreshFooterView.h */,
				04041E4A1BF18A25009C6D2B /* SDRefreshFooterView.m */,
				04041E4B1BF18A25009C6D2B /* SDRefresh.h */,
			);
			name = SDRefresh;
			sourceTree = "<group>";
		};
		04041E511BF18B00009C6D2B /* AFNetworking */ = {
			isa = PBXGroup;
			children = (
				04041E891BF18EA4009C6D2B /* AFHTTPRequestOperation.h */,
				04041E8A1BF18EA4009C6D2B /* AFHTTPRequestOperation.m */,
				04041E8B1BF18EA4009C6D2B /* AFHTTPRequestOperationManager.h */,
				04041E8C1BF18EA4009C6D2B /* AFHTTPRequestOperationManager.m */,
				04041E8D1BF18EA4009C6D2B /* AFHTTPSessionManager.h */,
				04041E8E1BF18EA4009C6D2B /* AFHTTPSessionManager.m */,
				04041E8F1BF18EA4009C6D2B /* AFNetworking.h */,
				04041E901BF18EA4009C6D2B /* AFNetworkReachabilityManager.h */,
				04041E911BF18EA4009C6D2B /* AFNetworkReachabilityManager.m */,
				04041E921BF18EA4009C6D2B /* AFSecurityPolicy.h */,
				04041E931BF18EA4009C6D2B /* AFSecurityPolicy.m */,
				04041E941BF18EA4009C6D2B /* AFURLConnectionOperation.h */,
				04041E951BF18EA4009C6D2B /* AFURLConnectionOperation.m */,
				04041E961BF18EA4009C6D2B /* AFURLRequestSerialization.h */,
				04041E971BF18EA4009C6D2B /* AFURLRequestSerialization.m */,
				04041E981BF18EA4009C6D2B /* AFURLResponseSerialization.h */,
				04041E991BF18EA4009C6D2B /* AFURLResponseSerialization.m */,
				04041E9A1BF18EA4009C6D2B /* AFURLSessionManager.h */,
				04041E9B1BF18EA4009C6D2B /* AFURLSessionManager.m */,
			);
			name = AFNetworking;
			sourceTree = "<group>";
		};
		04041E521BF18B35009C6D2B /* AFNet-UIKit */ = {
			isa = PBXGroup;
			children = (
				04041EA51BF18EB3009C6D2B /* AFNetworkActivityIndicatorManager.h */,
				04041EA61BF18EB3009C6D2B /* AFNetworkActivityIndicatorManager.m */,
				04041EA71BF18EB3009C6D2B /* UIActivityIndicatorView+AFNetworking.h */,
				04041EA81BF18EB3009C6D2B /* UIActivityIndicatorView+AFNetworking.m */,
				04041EA91BF18EB3009C6D2B /* UIAlertView+AFNetworking.h */,
				04041EAA1BF18EB3009C6D2B /* UIAlertView+AFNetworking.m */,
				04041EAB1BF18EB3009C6D2B /* UIButton+AFNetworking.h */,
				04041EAC1BF18EB3009C6D2B /* UIButton+AFNetworking.m */,
				04041EAD1BF18EB3009C6D2B /* UIImage+AFNetworking.h */,
				04041EAE1BF18EB3009C6D2B /* UIImageView+AFNetworking.h */,
				04041EAF1BF18EB3009C6D2B /* UIImageView+AFNetworking.m */,
				04041EB01BF18EB3009C6D2B /* UIKit+AFNetworking.h */,
				04041EB11BF18EB3009C6D2B /* UIProgressView+AFNetworking.h */,
				04041EB21BF18EB3009C6D2B /* UIProgressView+AFNetworking.m */,
				04041EB31BF18EB3009C6D2B /* UIRefreshControl+AFNetworking.h */,
				04041EB41BF18EB3009C6D2B /* UIRefreshControl+AFNetworking.m */,
				04041EB51BF18EB3009C6D2B /* UIWebView+AFNetworking.h */,
				04041EB61BF18EB3009C6D2B /* UIWebView+AFNetworking.m */,
			);
			name = "AFNet-UIKit";
			sourceTree = "<group>";
		};
		04041EBF1BF18ECB009C6D2B /* Data */ = {
			isa = PBXGroup;
			children = (
				04041EC01BF18ED8009C6D2B /* MBProgressHUD.h */,
				04041EC11BF18ED8009C6D2B /* MBProgressHUD.mm */,
				04041EC21BF18ED8009C6D2B /* HttpMethods.h */,
				04041EC31BF18ED8009C6D2B /* HttpMethods.m */,
				04041EC41BF18ED8009C6D2B /* NetWork.h */,
			);
			name = Data;
			sourceTree = "<group>";
		};
		042968CE1BCF790500975279 /* ModelMethods */ = {
			isa = PBXGroup;
			children = (
				0429690B1BCF7E9600975279 /* ShareMyData.h */,
				0429690C1BCF7E9600975279 /* ShareMyData.m */,
				042968CF1BCF792800975279 /* Circle.h */,
				042968D01BCF792800975279 /* Circle.m */,
				042968D11BCF792800975279 /* CircleObject.h */,
				042968D21BCF792800975279 /* CircleObject.m */,
				042968D31BCF792800975279 /* CPVTabViewController.h */,
				042968D41BCF792800975279 /* CPVTabViewController.m */,
				042968D51BCF792800975279 /* ConMethods.h */,
				042968D61BCF792800975279 /* ConMethods.m */,
				042968D71BCF792800975279 /* ShareHeader.h */,
				042968D81BCF792800975279 /* ApexJs.h */,
				042968D91BCF792800975279 /* ApexJs.m */,
				042968DA1BCF792800975279 /* PublicMethod.h */,
				042968DB1BCF792800975279 /* PublicMethod.mm */,
				042968DC1BCF792800975279 /* UIKit+custom_.h */,
				042968DD1BCF792800975279 /* UIKit+custom_.mm */,
			);
			name = ModelMethods;
			sourceTree = "<group>";
		};
		0429690E1BCF7F0600975279 /* ViewControllers */ = {
			isa = PBXGroup;
			children = (
				04F706311BFD6A9C0036F8A6 /* 资讯界面 */,
				042A56931BF30CD2006032C5 /* 详情界面 */,
				044B54A71BD9E74300CC4CC5 /* 登录界面 */,
				0429690F1BCF804B00975279 /* MainViewController.h */,
				042969101BCF804B00975279 /* MainViewController.m */,
				042969111BCF804B00975279 /* MainViewController.xib */,
				042969141BCF80D200975279 /* SpecialPerformanceViewController.h */,
				042969151BCF80D200975279 /* SpecialPerformanceViewController.m */,
				042969161BCF80D200975279 /* SpecialPerformanceViewController.xib */,
				042969191BCF80F900975279 /* TreasureViewController.h */,
				0429691A1BCF80F900975279 /* TreasureViewController.m */,
				0429691B1BCF80F900975279 /* TreasureViewController.xib */,
				0429691E1BCF811900975279 /* MyViewController.h */,
				0429691F1BCF811900975279 /* MyViewController.m */,
				042969201BCF811900975279 /* MyViewController.xib */,
				04BC405C1BFDBE6A00548EBA /* MoreViewController.h */,
				04BC405D1BFDBE6A00548EBA /* MoreViewController.m */,
				04BC405E1BFDBE6A00548EBA /* MoreViewController.xib */,
			);
			name = ViewControllers;
			sourceTree = "<group>";
		};
		042A56931BF30CD2006032C5 /* 详情界面 */ = {
			isa = PBXGroup;
			children = (
				042A56941BF30CF9006032C5 /* DetailViewController.h */,
				042A56951BF30CF9006032C5 /* DetailViewController.m */,
				042A56961BF30CF9006032C5 /* DetailViewController.xib */,
				043E3E5C1BF9B09100FF5AAE /* MarkViewController.h */,
				043E3E5D1BF9B09100FF5AAE /* MarkViewController.m */,
				043E3E5E1BF9B09100FF5AAE /* MarkViewController.xib */,
				045A59101BFC162E00771AE0 /* MoreTableViewCell.h */,
				045A59111BFC162E00771AE0 /* MoreTableViewCell.m */,
				045A59121BFC162E00771AE0 /* MoreTableViewCell.xib */,
				045A59171BFC2EB000771AE0 /* ListData.h */,
				045A59181BFC2EB000771AE0 /* ListData.m */,
			);
			name = "详情界面";
			sourceTree = "<group>";
		};
		044B54A71BD9E74300CC4CC5 /* 登录界面 */ = {
			isa = PBXGroup;
			children = (
				04B101641BFC6084008C6100 /* RegesterViewController.h */,
				04B101651BFC6084008C6100 /* RegesterViewController.m */,
				04B101661BFC6084008C6100 /* RegesterViewController.xib */,
				04B1015F1BFC6070008C6100 /* UserProcrolViewController.h */,
				04B101601BFC6070008C6100 /* UserProcrolViewController.m */,
				04B101611BFC6070008C6100 /* UserProcrolViewController.xib */,
				044B54A81BD9E74D00CC4CC5 /* LoginViewController.h */,
				044B54A91BD9E74D00CC4CC5 /* LoginViewController.m */,
				044B54AA1BD9E74D00CC4CC5 /* LoginViewController.xib */,
			);
			name = "登录界面";
			sourceTree = "<group>";
		};
		044B54AD1BD9E7DA00CC4CC5 /* Model */ = {
			isa = PBXGroup;
			children = (
				04041E521BF18B35009C6D2B /* AFNet-UIKit */,
				04041E511BF18B00009C6D2B /* AFNetworking */,
				04041E3E1BF189EC009C6D2B /* SDRefresh */,
				04041E3D1BF189E1009C6D2B /* Child */,
				044B54AF1BD9E7EA00CC4CC5 /* Base6464 */,
				044B54AE1BD9E7E200CC4CC5 /* UDID */,
			);
			name = Model;
			sourceTree = "<group>";
		};
		044B54AE1BD9E7E200CC4CC5 /* UDID */ = {
			isa = PBXGroup;
			children = (
				044B54B71BD9E80500CC4CC5 /* OpenUDID.h */,
				044B54B81BD9E80500CC4CC5 /* OpenUDID.m */,
			);
			name = UDID;
			sourceTree = "<group>";
		};
		044B54AF1BD9E7EA00CC4CC5 /* Base6464 */ = {
			isa = PBXGroup;
			children = (
				044B54B01BD9E7FB00CC4CC5 /* GTMBase64XD.h */,
				044B54B11BD9E7FB00CC4CC5 /* GTMBase64XD.m */,
				044B54B21BD9E7FB00CC4CC5 /* GTMDefines.h */,
				044B54B31BD9E7FB00CC4CC5 /* Base64XD.h */,
				044B54B41BD9E7FB00CC4CC5 /* Base64XD.m */,
			);
			name = Base6464;
			sourceTree = "<group>";
		};
		047105EF1BCB670600F558FF = {
			isa = PBXGroup;
			children = (
				042968E71BCF797700975279 /* AddressBook.framework */,
				042968E51BCF796D00975279 /* CoreTelephony.framework */,
				047105FA1BCB670700F558FF /* BeijingEquityTrading */,
				047105F91BCB670600F558FF /* Products */,
			);
			sourceTree = "<group>";
		};
		047105F91BCB670600F558FF /* Products */ = {
			isa = PBXGroup;
			children = (
				047105F81BCB670600F558FF /* BeijingEquityTrading.app */,
			);
			name = Products;
			sourceTree = "<group>";
		};
		047105FA1BCB670700F558FF /* BeijingEquityTrading */ = {
			isa = PBXGroup;
			children = (
				04041EBF1BF18ECB009C6D2B /* Data */,
				044B54AD1BD9E7DA00CC4CC5 /* Model */,
				0429690E1BCF7F0600975279 /* ViewControllers */,
				042968CE1BCF790500975279 /* ModelMethods */,
				047105FE1BCB670700F558FF /* AppDelegate.h */,
				047105FF1BCB670700F558FF /* AppDelegate.m */,
				047106071BCB670700F558FF /* Assets.xcassets */,
				0471060C1BCB670700F558FF /* Info.plist */,
				047105FB1BCB670700F558FF /* Supporting Files */,
			);
			path = BeijingEquityTrading;
			sourceTree = "<group>";
		};
		047105FB1BCB670700F558FF /* Supporting Files */ = {
			isa = PBXGroup;
			children = (
				047105FC1BCB670700F558FF /* main.m */,
			);
			name = "Supporting Files";
			sourceTree = "<group>";
		};
		04F706311BFD6A9C0036F8A6 /* 资讯界面 */ = {
			isa = PBXGroup;
			children = (
				04BC40701BFDC39700548EBA /* ProviousViewController.h */,
				04BC40711BFDC39700548EBA /* ProviousViewController.m */,
				04BC40721BFDC39700548EBA /* ProviousViewController.xib */,
				04BC40611BFDBE8900548EBA /* AboutViewController.h */,
				04BC40621BFDBE8900548EBA /* AboutViewController.m */,
				04BC40631BFDBE8900548EBA /* AboutViewController.xib */,
				04BC40641BFDBE8900548EBA /* PublicViewController.h */,
				04BC40651BFDBE8900548EBA /* PublicViewController.m */,
				04BC40661BFDBE8900548EBA /* PublicViewController.xib */,
				04BC40671BFDBE8900548EBA /* WebDetailViewController.h */,
				04BC40681BFDBE8900548EBA /* WebDetailViewController.m */,
				04BC40691BFDBE8900548EBA /* WebDetailViewController.xib */,
			);
			name = "资讯界面";
			sourceTree = "<group>";
		};
/* End PBXGroup section */

/* Begin PBXNativeTarget section */
		047105F71BCB670600F558FF /* BeijingEquityTrading */ = {
			isa = PBXNativeTarget;
			buildConfigurationList = 0471060F1BCB670700F558FF /* Build configuration list for PBXNativeTarget "BeijingEquityTrading" */;
			buildPhases = (
				047105F41BCB670600F558FF /* Sources */,
				047105F51BCB670600F558FF /* Frameworks */,
				047105F61BCB670600F558FF /* Resources */,
			);
			buildRules = (
			);
			dependencies = (
			);
			name = BeijingEquityTrading;
			productName = BeijingEquityTrading;
			productReference = 047105F81BCB670600F558FF /* BeijingEquityTrading.app */;
			productType = "com.apple.product-type.application";
		};
/* End PBXNativeTarget section */

/* Begin PBXProject section */
		047105F01BCB670600F558FF /* Project object */ = {
			isa = PBXProject;
			attributes = {
				LastUpgradeCheck = 0700;
				ORGANIZATIONNAME = ApexSoft;
				TargetAttributes = {
					047105F71BCB670600F558FF = {
						CreatedOnToolsVersion = 7.0.1;
					};
				};
			};
			buildConfigurationList = 047105F31BCB670600F558FF /* Build configuration list for PBXProject "BeijingEquityTrading" */;
			compatibilityVersion = "Xcode 3.2";
			developmentRegion = English;
			hasScannedForEncodings = 0;
			knownRegions = (
				en,
				Base,
			);
			mainGroup = 047105EF1BCB670600F558FF;
			productRefGroup = 047105F91BCB670600F558FF /* Products */;
			projectDirPath = "";
			projectRoot = "";
			targets = (
				047105F71BCB670600F558FF /* BeijingEquityTrading */,
			);
		};
/* End PBXProject section */

/* Begin PBXResourcesBuildPhase section */
		047105F61BCB670600F558FF /* Resources */ = {
			isa = PBXResourcesBuildPhase;
			buildActionMask = 2147483647;
			files = (
				042969131BCF804B00975279 /* MainViewController.xib in Resources */,
				042969221BCF811900975279 /* MyViewController.xib in Resources */,
				043E3E601BF9B09100FF5AAE /* MarkViewController.xib in Resources */,
				044B54AC1BD9E74D00CC4CC5 /* LoginViewController.xib in Resources */,
				042A56981BF30CF9006032C5 /* DetailViewController.xib in Resources */,
				047106081BCB670700F558FF /* Assets.xcassets in Resources */,
				04BC40601BFDBE6A00548EBA /* MoreViewController.xib in Resources */,
				045A59141BFC162E00771AE0 /* MoreTableViewCell.xib in Resources */,
				04BC406B1BFDBE8900548EBA /* AboutViewController.xib in Resources */,
				04BC406D1BFDBE8900548EBA /* PublicViewController.xib in Resources */,
				04B101681BFC6084008C6100 /* RegesterViewController.xib in Resources */,
				04BC40741BFDC39700548EBA /* ProviousViewController.xib in Resources */,
				04B101631BFC6070008C6100 /* UserProcrolViewController.xib in Resources */,
				04BC406F1BFDBE8900548EBA /* WebDetailViewController.xib in Resources */,
				04041E4C1BF18A25009C6D2B /* sdRefeshView_arrow@2x.png in Resources */,
				0429691D1BCF80F900975279 /* TreasureViewController.xib in Resources */,
				042969181BCF80D200975279 /* SpecialPerformanceViewController.xib in Resources */,
			);
			runOnlyForDeploymentPostprocessing = 0;
		};
/* End PBXResourcesBuildPhase section */

/* Begin PBXSourcesBuildPhase section */
		047105F41BCB670600F558FF /* Sources */ = {
			isa = PBXSourcesBuildPhase;
			buildActionMask = 2147483647;
			files = (
				04041EBC1BF18EB3009C6D2B /* UIProgressView+AFNetworking.m in Sources */,
				04041EA01BF18EA4009C6D2B /* AFSecurityPolicy.m in Sources */,
				044B54B51BD9E7FB00CC4CC5 /* GTMBase64XD.m in Sources */,
				04041EBA1BF18EB3009C6D2B /* UIButton+AFNetworking.m in Sources */,
				044B54AB1BD9E74D00CC4CC5 /* LoginViewController.m in Sources */,
				04041E4F1BF18A25009C6D2B /* UIView+SDExtension.m in Sources */,
				044B54B91BD9E80500CC4CC5 /* OpenUDID.m in Sources */,
				04BC40731BFDC39700548EBA /* ProviousViewController.m in Sources */,
				04041EA11BF18EA4009C6D2B /* AFURLConnectionOperation.m in Sources */,
				044B54B61BD9E7FB00CC4CC5 /* Base64XD.m in Sources */,
				043E3E5F1BF9B09100FF5AAE /* MarkViewController.m in Sources */,
				042968DF1BCF792800975279 /* CircleObject.m in Sources */,
				042A56971BF30CF9006032C5 /* DetailViewController.m in Sources */,
				042968E41BCF792800975279 /* UIKit+custom_.mm in Sources */,
				04041EB91BF18EB3009C6D2B /* UIAlertView+AFNetworking.m in Sources */,
				04041EBE1BF18EB3009C6D2B /* UIWebView+AFNetworking.m in Sources */,
				04041EA41BF18EA4009C6D2B /* AFURLSessionManager.m in Sources */,
				04041EBB1BF18EB3009C6D2B /* UIImageView+AFNetworking.m in Sources */,
				04041EC51BF18ED8009C6D2B /* MBProgressHUD.mm in Sources */,
				042968DE1BCF792800975279 /* Circle.m in Sources */,
				04B101671BFC6084008C6100 /* RegesterViewController.m in Sources */,
				047106001BCB670700F558FF /* AppDelegate.m in Sources */,
				04041EB81BF18EB3009C6D2B /* UIActivityIndicatorView+AFNetworking.m in Sources */,
				042969121BCF804B00975279 /* MainViewController.m in Sources */,
				045A59131BFC162E00771AE0 /* MoreTableViewCell.m in Sources */,
				0429691C1BCF80F900975279 /* TreasureViewController.m in Sources */,
				04B101621BFC6070008C6100 /* UserProcrolViewController.m in Sources */,
				04041E501BF18A25009C6D2B /* SDRefreshFooterView.m in Sources */,
				04041EBD1BF18EB3009C6D2B /* UIRefreshControl+AFNetworking.m in Sources */,
				04BC406E1BFDBE8900548EBA /* WebDetailViewController.m in Sources */,
				04041EA31BF18EA4009C6D2B /* AFURLResponseSerialization.m in Sources */,
				045A59191BFC2EB100771AE0 /* ListData.m in Sources */,
				04041E9D1BF18EA4009C6D2B /* AFHTTPRequestOperationManager.m in Sources */,
				04041E9C1BF18EA4009C6D2B /* AFHTTPRequestOperation.m in Sources */,
				042968E01BCF792800975279 /* CPVTabViewController.m in Sources */,
				042969171BCF80D200975279 /* SpecialPerformanceViewController.m in Sources */,
				042968E11BCF792800975279 /* ConMethods.m in Sources */,
				042969211BCF811900975279 /* MyViewController.m in Sources */,
				04BC406A1BFDBE8900548EBA /* AboutViewController.m in Sources */,
				04041E411BF18A18009C6D2B /* Child.m in Sources */,
				04BC406C1BFDBE8900548EBA /* PublicViewController.m in Sources */,
				04041E9F1BF18EA4009C6D2B /* AFNetworkReachabilityManager.m in Sources */,
				04041E4E1BF18A25009C6D2B /* SDRefreshHeaderView.m in Sources */,
				042968E21BCF792800975279 /* ApexJs.m in Sources */,
				04BC405F1BFDBE6A00548EBA /* MoreViewController.m in Sources */,
				04041EB71BF18EB3009C6D2B /* AFNetworkActivityIndicatorManager.m in Sources */,
				0429690D1BCF7E9600975279 /* ShareMyData.m in Sources */,
				042968E31BCF792800975279 /* PublicMethod.mm in Sources */,
				047105FD1BCB670700F558FF /* main.m in Sources */,
				04041EA21BF18EA4009C6D2B /* AFURLRequestSerialization.m in Sources */,
				04041E4D1BF18A25009C6D2B /* SDRefreshView.m in Sources */,
				04041EC61BF18ED8009C6D2B /* HttpMethods.m in Sources */,
				04041E9E1BF18EA4009C6D2B /* AFHTTPSessionManager.m in Sources */,
			);
			runOnlyForDeploymentPostprocessing = 0;
		};
/* End PBXSourcesBuildPhase section */

/* Begin XCBuildConfiguration section */
		0471060D1BCB670700F558FF /* Debug */ = {
			isa = XCBuildConfiguration;
			buildSettings = {
				ALWAYS_SEARCH_USER_PATHS = NO;
				CLANG_CXX_LANGUAGE_STANDARD = "gnu++0x";
				CLANG_CXX_LIBRARY = "libc++";
				CLANG_ENABLE_MODULES = YES;
				CLANG_ENABLE_OBJC_ARC = YES;
				CLANG_WARN_BOOL_CONVERSION = YES;
				CLANG_WARN_CONSTANT_CONVERSION = YES;
				CLANG_WARN_DIRECT_OBJC_ISA_USAGE = YES_ERROR;
				CLANG_WARN_EMPTY_BODY = YES;
				CLANG_WARN_ENUM_CONVERSION = YES;
				CLANG_WARN_INT_CONVERSION = YES;
				CLANG_WARN_OBJC_ROOT_CLASS = YES_ERROR;
				CLANG_WARN_UNREACHABLE_CODE = YES;
				CLANG_WARN__DUPLICATE_METHOD_MATCH = YES;
				"CODE_SIGN_IDENTITY[sdk=iphoneos*]" = "iPhone Developer";
				COPY_PHASE_STRIP = NO;
				DEBUG_INFORMATION_FORMAT = dwarf;
				ENABLE_STRICT_OBJC_MSGSEND = YES;
				ENABLE_TESTABILITY = YES;
				GCC_C_LANGUAGE_STANDARD = gnu99;
				GCC_DYNAMIC_NO_PIC = NO;
				GCC_NO_COMMON_BLOCKS = YES;
				GCC_OPTIMIZATION_LEVEL = 0;
				GCC_PREPROCESSOR_DEFINITIONS = (
					"DEBUG=1",
					"$(inherited)",
				);
				GCC_WARN_64_TO_32_BIT_CONVERSION = YES;
				GCC_WARN_ABOUT_RETURN_TYPE = YES_ERROR;
				GCC_WARN_UNDECLARED_SELECTOR = YES;
				GCC_WARN_UNINITIALIZED_AUTOS = YES_AGGRESSIVE;
				GCC_WARN_UNUSED_FUNCTION = YES;
				GCC_WARN_UNUSED_VARIABLE = YES;
				IPHONEOS_DEPLOYMENT_TARGET = 9.0;
				MTL_ENABLE_DEBUG_INFO = YES;
				ONLY_ACTIVE_ARCH = YES;
				SDKROOT = iphoneos;
				TARGETED_DEVICE_FAMILY = "1,2";
			};
			name = Debug;
		};
		0471060E1BCB670700F558FF /* Release */ = {
			isa = XCBuildConfiguration;
			buildSettings = {
				ALWAYS_SEARCH_USER_PATHS = NO;
				CLANG_CXX_LANGUAGE_STANDARD = "gnu++0x";
				CLANG_CXX_LIBRARY = "libc++";
				CLANG_ENABLE_MODULES = YES;
				CLANG_ENABLE_OBJC_ARC = YES;
				CLANG_WARN_BOOL_CONVERSION = YES;
				CLANG_WARN_CONSTANT_CONVERSION = YES;
				CLANG_WARN_DIRECT_OBJC_ISA_USAGE = YES_ERROR;
				CLANG_WARN_EMPTY_BODY = YES;
				CLANG_WARN_ENUM_CONVERSION = YES;
				CLANG_WARN_INT_CONVERSION = YES;
				CLANG_WARN_OBJC_ROOT_CLASS = YES_ERROR;
				CLANG_WARN_UNREACHABLE_CODE = YES;
				CLANG_WARN__DUPLICATE_METHOD_MATCH = YES;
				"CODE_SIGN_IDENTITY[sdk=iphoneos*]" = "iPhone Developer";
				COPY_PHASE_STRIP = NO;
				DEBUG_INFORMATION_FORMAT = "dwarf-with-dsym";
				ENABLE_NS_ASSERTIONS = NO;
				ENABLE_STRICT_OBJC_MSGSEND = YES;
				GCC_C_LANGUAGE_STANDARD = gnu99;
				GCC_NO_COMMON_BLOCKS = YES;
				GCC_WARN_64_TO_32_BIT_CONVERSION = YES;
				GCC_WARN_ABOUT_RETURN_TYPE = YES_ERROR;
				GCC_WARN_UNDECLARED_SELECTOR = YES;
				GCC_WARN_UNINITIALIZED_AUTOS = YES_AGGRESSIVE;
				GCC_WARN_UNUSED_FUNCTION = YES;
				GCC_WARN_UNUSED_VARIABLE = YES;
				IPHONEOS_DEPLOYMENT_TARGET = 9.0;
				MTL_ENABLE_DEBUG_INFO = NO;
				SDKROOT = iphoneos;
				TARGETED_DEVICE_FAMILY = "1,2";
				VALIDATE_PRODUCT = YES;
			};
			name = Release;
		};
		047106101BCB670700F558FF /* Debug */ = {
			isa = XCBuildConfiguration;
			buildSettings = {
				ASSETCATALOG_COMPILER_APPICON_NAME = AppIcon;
				ASSETCATALOG_COMPILER_LAUNCHIMAGE_NAME = LaunchImage;
				CODE_SIGN_IDENTITY = "iPhone Distribution: Fujian Apex Software Co., Ltd.";
				INFOPLIST_FILE = BeijingEquityTrading/Info.plist;
				IPHONEOS_DEPLOYMENT_TARGET = 6.1;
				LD_RUNPATH_SEARCH_PATHS = "$(inherited) @executable_path/Frameworks";
				PRODUCT_BUNDLE_IDENTIFIER = InHouse.com.apex.TouGou;
				PRODUCT_NAME = "$(TARGET_NAME)";
				PROVISIONING_PROFILE = "55e6434a-121d-477c-b681-cbeb42751acc";
				TARGETED_DEVICE_FAMILY = 1;
			};
			name = Debug;
		};
		047106111BCB670700F558FF /* Release */ = {
			isa = XCBuildConfiguration;
			buildSettings = {
				ASSETCATALOG_COMPILER_APPICON_NAME = AppIcon;
				ASSETCATALOG_COMPILER_LAUNCHIMAGE_NAME = LaunchImage;
				CODE_SIGN_IDENTITY = "iPhone Distribution: Fujian Apex Software Co., Ltd.";
				INFOPLIST_FILE = BeijingEquityTrading/Info.plist;
				IPHONEOS_DEPLOYMENT_TARGET = 6.1;
				LD_RUNPATH_SEARCH_PATHS = "$(inherited) @executable_path/Frameworks";
				PRODUCT_BUNDLE_IDENTIFIER = InHouse.com.apex.TouGou;
				PRODUCT_NAME = "$(TARGET_NAME)";
				PROVISIONING_PROFILE = "55e6434a-121d-477c-b681-cbeb42751acc";
				TARGETED_DEVICE_FAMILY = 1;
			};
			name = Release;
		};
/* End XCBuildConfiguration section */

/* Begin XCConfigurationList section */
		047105F31BCB670600F558FF /* Build configuration list for PBXProject "BeijingEquityTrading" */ = {
			isa = XCConfigurationList;
			buildConfigurations = (
				0471060D1BCB670700F558FF /* Debug */,
				0471060E1BCB670700F558FF /* Release */,
			);
			defaultConfigurationIsVisible = 0;
			defaultConfigurationName = Release;
		};
		0471060F1BCB670700F558FF /* Build configuration list for PBXNativeTarget "BeijingEquityTrading" */ = {
			isa = XCConfigurationList;
			buildConfigurations = (
				047106101BCB670700F558FF /* Debug */,
				047106111BCB670700F558FF /* Release */,
			);
			defaultConfigurationIsVisible = 0;
			defaultConfigurationName = Release;
		};
/* End XCConfigurationList section */
	};
	rootObject = 047105F01BCB670600F558FF /* Project object */;
}
